
Microsoft Visual Studio Solution File, Format Version 12.00
# Visual Studio Version 17
VisualStudioVersion = 17.5.33424.131
MinimumVisualStudioVersion = 10.0.40219.1
Project("{9A19103F-16F7-4668-BE54-9A1E7A4F7556}") = "Keyed.Abstractions", "src\Keyed.Abstractions\Keyed.Abstractions.csproj", "{378D0C26-06D7-47D9-B2D0-4C4ADA4FF1D2}"
EndProject
Project("{9A19103F-16F7-4668-BE54-9A1E7A4F7556}") = "Keyed.Extensions.Microsoft.DependencyInjection", "src\Keyed.Extensions.Microsoft.DependencyInjection\Keyed.Extensions.Microsoft.DependencyInjection.csproj", "{72545242-0C34-47FD-B4F8-C44494C9C439}"
EndProject
Project("{9A19103F-16F7-4668-BE54-9A1E7A4F7556}") = "Keyed.Tests", "src\Keyed.Tests\Keyed.Tests.csproj", "{EB01CACB-9146-4C23-9328-C5E6267882F9}"
EndProject
Project("{2150E333-8FDC-42A3-9474-1A3956D46DE8}") = "tests", "tests", "{3CED6279-B338-4770-AB98-C21AA7E4F7F4}"
EndProject
Global
	GlobalSection(SolutionConfigurationPlatforms) = preSolution
		Debug|Any CPU = Debug|Any CPU
		Release|Any CPU = Release|Any CPU
	EndGlobalSection
	GlobalSection(ProjectConfigurationPlatforms) = postSolution
		{378D0C26-06D7-47D9-B2D0-4C4ADA4FF1D2}.Debug|Any CPU.ActiveCfg = Debug|Any CPU
		{378D0C26-06D7-47D9-B2D0-4C4ADA4FF1D2}.Debug|Any CPU.Build.0 = Debug|Any CPU
		{378D0C26-06D7-47D9-B2D0-4C4ADA4FF1D2}.Release|Any CPU.ActiveCfg = Release|Any CPU
		{378D0C26-06D7-47D9-B2D0-4C4ADA4FF1D2}.Release|Any CPU.Build.0 = Release|Any CPU
		{72545242-0C34-47FD-B4F8-C44494C9C439}.Debug|Any CPU.ActiveCfg = Debug|Any CPU
		{72545242-0C34-47FD-B4F8-C44494C9C439}.Debug|Any CPU.Build.0 = Debug|Any CPU
		{72545242-0C34-47FD-B4F8-C44494C9C439}.Release|Any CPU.ActiveCfg = Release|Any CPU
		{72545242-0C34-47FD-B4F8-C44494C9C439}.Release|Any CPU.Build.0 = Release|Any CPU
		{EB01CACB-9146-4C23-9328-C5E6267882F9}.Debug|Any CPU.ActiveCfg = Debug|Any CPU
		{EB01CACB-9146-4C23-9328-C5E6267882F9}.Debug|Any CPU.Build.0 = Debug|Any CPU
		{EB01CACB-9146-4C23-9328-C5E6267882F9}.Release|Any CPU.ActiveCfg = Release|Any CPU
		{EB01CACB-9146-4C23-9328-C5E6267882F9}.Release|Any CPU.Build.0 = Release|Any CPU
	EndGlobalSection
	GlobalSection(SolutionProperties) = preSolution
		HideSolutionNode = FALSE
	EndGlobalSection
	GlobalSection(NestedProjects) = preSolution
		{EB01CACB-9146-4C23-9328-C5E6267882F9} = {3CED6279-B338-4770-AB98-C21AA7E4F7F4}
	EndGlobalSection
	GlobalSection(ExtensibilityGlobals) = postSolution
		SolutionGuid = {69D223F1-9C84-4DDC-AB9C-AC78E986BFCC}
	EndGlobalSection
EndGlobal
